
Microsoft Visual Studio Solution File, Format Version 12.00
# Visual Studio 15
VisualStudioVersion = 15.0.28307.572
MinimumVisualStudioVersion = 10.0.40219.1
Project("{FAE04EC0-301F-11D3-BF4B-00C04F79EFBC}") = "KotakRegistrationService", "KotakFacialAuthenticationRestWebService\KotakRegistrationService.csproj", "{55DB401E-F865-4B55-901A-6AB48F6F7D70}"
EndProject
Project("{FAE04EC0-301F-11D3-BF4B-00C04F79EFBC}") = "DataAccessHandler", "DataAccessHandler\DataAccessHandler.csproj", "{0890A457-D331-4EFA-A76B-9209CB216654}"
EndProject
Project("{FAE04EC0-301F-11D3-BF4B-00C04F79EFBC}") = "FacialAuthenticationGates", "FacialAuthenticationGates\FacialAuthenticationGates.csproj", "{3F34E281-1022-425B-9327-4FC7B12E8CED}"
EndProject
Global
	GlobalSection(SolutionConfigurationPlatforms) = preSolution
		Debug|Any CPU = Debug|Any CPU
		Release|Any CPU = Release|Any CPU
	EndGlobalSection
	GlobalSection(ProjectConfigurationPlatforms) = postSolution
		{55DB401E-F865-4B55-901A-6AB48F6F7D70}.Debug|Any CPU.ActiveCfg = Debug|Any CPU
		{55DB401E-F865-4B55-901A-6AB48F6F7D70}.Debug|Any CPU.Build.0 = Debug|Any CPU
		{55DB401E-F865-4B55-901A-6AB48F6F7D70}.Release|Any CPU.ActiveCfg = Release|Any CPU
		{55DB401E-F865-4B55-901A-6AB48F6F7D70}.Release|Any CPU.Build.0 = Release|Any CPU
		{0890A457-D331-4EFA-A76B-9209CB216654}.Debug|Any CPU.ActiveCfg = Debug|Any CPU
		{0890A457-D331-4EFA-A76B-9209CB216654}.Debug|Any CPU.Build.0 = Debug|Any CPU
		{0890A457-D331-4EFA-A76B-9209CB216654}.Release|Any CPU.ActiveCfg = Release|Any CPU
		{0890A457-D331-4EFA-A76B-9209CB216654}.Release|Any CPU.Build.0 = Release|Any CPU
		{3F34E281-1022-425B-9327-4FC7B12E8CED}.Debug|Any CPU.ActiveCfg = Debug|Any CPU
		{3F34E281-1022-425B-9327-4FC7B12E8CED}.Debug|Any CPU.Build.0 = Debug|Any CPU
		{3F34E281-1022-425B-9327-4FC7B12E8CED}.Release|Any CPU.ActiveCfg = Release|Any CPU
		{3F34E281-1022-425B-9327-4FC7B12E8CED}.Release|Any CPU.Build.0 = Release|Any CPU
	EndGlobalSection
	GlobalSection(SolutionProperties) = preSolution
		HideSolutionNode = FALSE
	EndGlobalSection
	GlobalSection(ExtensibilityGlobals) = postSolution
		SolutionGuid = {D65C6590-2368-47C1-8E17-E931BF5C64F9}
	EndGlobalSection
EndGlobal
