
Microsoft Visual Studio Solution File, Format Version 12.00
# Visual Studio Version 16
VisualStudioVersion = 16.0.31019.35
MinimumVisualStudioVersion = 10.0.40219.1
Project("{FAE04EC0-301F-11D3-BF4B-00C04F79EFBC}") = "AzureFaceTrainScheduler", "AzureFaceTrainScheduler\AzureFaceTrainScheduler.csproj", "{19CE007B-1BE2-457F-AB7E-7C11485176B9}"
EndProject
Project("{FAE04EC0-301F-11D3-BF4B-00C04F79EFBC}") = "DataAccessHandler", "DataAccessHandler\DataAccessHandler.csproj", "{0890A457-D331-4EFA-A76B-9209CB216654}"
EndProject
Global
	GlobalSection(SolutionConfigurationPlatforms) = preSolution
		Debug|Any CPU = Debug|Any CPU
		Release|Any CPU = Release|Any CPU
	EndGlobalSection
	GlobalSection(ProjectConfigurationPlatforms) = postSolution
		{19CE007B-1BE2-457F-AB7E-7C11485176B9}.Debug|Any CPU.ActiveCfg = Debug|Any CPU
		{19CE007B-1BE2-457F-AB7E-7C11485176B9}.Debug|Any CPU.Build.0 = Debug|Any CPU
		{19CE007B-1BE2-457F-AB7E-7C11485176B9}.Release|Any CPU.ActiveCfg = Release|Any CPU
		{19CE007B-1BE2-457F-AB7E-7C11485176B9}.Release|Any CPU.Build.0 = Release|Any CPU
		{0890A457-D331-4EFA-A76B-9209CB216654}.Debug|Any CPU.ActiveCfg = Debug|Any CPU
		{0890A457-D331-4EFA-A76B-9209CB216654}.Debug|Any CPU.Build.0 = Debug|Any CPU
		{0890A457-D331-4EFA-A76B-9209CB216654}.Release|Any CPU.ActiveCfg = Release|Any CPU
		{0890A457-D331-4EFA-A76B-9209CB216654}.Release|Any CPU.Build.0 = Release|Any CPU
	EndGlobalSection
	GlobalSection(SolutionProperties) = preSolution
		HideSolutionNode = FALSE
	EndGlobalSection
	GlobalSection(ExtensibilityGlobals) = postSolution
		SolutionGuid = {FE2E443A-D898-458F-B1E6-7F21B9213DFD}
	EndGlobalSection
EndGlobal
