
Microsoft Visual Studio Solution File, Format Version 12.00
# Visual Studio Version 16
VisualStudioVersion = 16.0.31019.35
MinimumVisualStudioVersion = 10.0.40219.1
Project("{FAE04EC0-301F-11D3-BF4B-00C04F79EFBC}") = "Azure", "Azure\Azure.csproj", "{C003C4FB-A602-4996-A3F2-814B61F4547E}"
EndProject
Global
	GlobalSection(SolutionConfigurationPlatforms) = preSolution
		Debug|Any CPU = Debug|Any CPU
		Release|Any CPU = Release|Any CPU
	EndGlobalSection
	GlobalSection(ProjectConfigurationPlatforms) = postSolution
		{C003C4FB-A602-4996-A3F2-814B61F4547E}.Debug|Any CPU.ActiveCfg = Debug|Any CPU
		{C003C4FB-A602-4996-A3F2-814B61F4547E}.Debug|Any CPU.Build.0 = Debug|Any CPU
		{C003C4FB-A602-4996-A3F2-814B61F4547E}.Release|Any CPU.ActiveCfg = Release|Any CPU
		{C003C4FB-A602-4996-A3F2-814B61F4547E}.Release|Any CPU.Build.0 = Release|Any CPU
	EndGlobalSection
	GlobalSection(SolutionProperties) = preSolution
		HideSolutionNode = FALSE
	EndGlobalSection
	GlobalSection(ExtensibilityGlobals) = postSolution
		SolutionGuid = {47BFABE0-4E19-4CDE-A3E0-506BE1ACD147}
	EndGlobalSection
EndGlobal
